
Microsoft Visual Studio Solution File, Format Version 12.00
# Visual Studio Version 17
VisualStudioVersion = 17.8.34511.84
MinimumVisualStudioVersion = 10.0.40219.1
Project("{FAE04EC0-301F-11D3-BF4B-00C04F79EFBC}") = "Voting", "Voting.csproj", "{81EE1BA1-34E3-461E-8F9B-82D9FD3B1248}"
EndProject
Global
	GlobalSection(SolutionConfigurationPlatforms) = preSolution
		Debug|Any CPU = Debug|Any CPU
		Release|Any CPU = Release|Any CPU
	EndGlobalSection
	GlobalSection(ProjectConfigurationPlatforms) = postSolution
		{81EE1BA1-34E3-461E-8F9B-82D9FD3B1248}.Debug|Any CPU.ActiveCfg = Debug|Any CPU
		{81EE1BA1-34E3-461E-8F9B-82D9FD3B1248}.Debug|Any CPU.Build.0 = Debug|Any CPU
		{81EE1BA1-34E3-461E-8F9B-82D9FD3B1248}.Release|Any CPU.ActiveCfg = Release|Any CPU
		{81EE1BA1-34E3-461E-8F9B-82D9FD3B1248}.Release|Any CPU.Build.0 = Release|Any CPU
	EndGlobalSection
	GlobalSection(SolutionProperties) = preSolution
		HideSolutionNode = FALSE
	EndGlobalSection
	GlobalSection(ExtensibilityGlobals) = postSolution
		SolutionGuid = {6ADB63EE-290A-484A-9BC9-6559E97C7E47}
	EndGlobalSection
EndGlobal
